{
  "name": "rotorflight-lua-ethos-suite",
  "version": "1.0.0",
  "lockfileVersion": 3,
  "requires": true,
  "packages": {
    "": {
      "name": "rotorflight-lua-ethos-suite",
      "version": "1.0.0",
      "devDependencies": {
        "luamin": "^0.2.1"
      }
    },
    "node_modules/luamin": {
      "version": "0.2.8",
      "resolved": "https://registry.npmjs.org/luamin/-/luamin-0.2.8.tgz",
      "integrity": "sha512-kbdDNkYCVMJ0aK7EOtFnN6tBkli0NP3BglHN2Y+zc+xCx40bFvZgn7GSs81eevWbwjL12EW2lPUN+Ym2Drzvcg==",
      "dev": true,
      "dependencies": {
        "luaparse": "~0.1.4"
      },
      "bin": {
        "luamin": "bin/luamin"
      }
    },
    "node_modules/luaparse": {
      "version": "0.1.15",
      "resolved": "https://registry.npmjs.org/luaparse/-/luaparse-0.1.15.tgz",
      "integrity": "sha512-lAWXbD748nL8pMCmogCNIC5oISkpzXBEtXbRLwL8UF+a+65BXf1l+kOtB75Al2/zHsksHJD14NiympGGgi2L1Q==",
      "dev": true,
      "bin": {
        "luaparse": "bin/luaparse"
      }
    }
  }
}
